
Microsoft Visual Studio Solution File, Format Version 12.00
# Visual Studio Version 16
VisualStudioVersion = 16.0.31424.327
MinimumVisualStudioVersion = 10.0.40219.1
Project("{FAE04EC0-301F-11D3-BF4B-00C04F79EFBC}") = "PlinqExamples", "PlinqExamples\PlinqExamples.csproj", "{F1C27F7E-18CD-44C1-9CF0-8DBCD576880C}"
EndProject
Project("{FAE04EC0-301F-11D3-BF4B-00C04F79EFBC}") = "DistinctNumber", "DistinctNumber\DistinctNumber.csproj", "{CBB7CA8F-8D77-4BEA-A55A-E5D71C1D9CD1}"
EndProject
Global
	GlobalSection(SolutionConfigurationPlatforms) = preSolution
		Debug|Any CPU = Debug|Any CPU
		Release|Any CPU = Release|Any CPU
	EndGlobalSection
	GlobalSection(ProjectConfigurationPlatforms) = postSolution
		{F1C27F7E-18CD-44C1-9CF0-8DBCD576880C}.Debug|Any CPU.ActiveCfg = Debug|Any CPU
		{F1C27F7E-18CD-44C1-9CF0-8DBCD576880C}.Debug|Any CPU.Build.0 = Debug|Any CPU
		{F1C27F7E-18CD-44C1-9CF0-8DBCD576880C}.Release|Any CPU.ActiveCfg = Release|Any CPU
		{F1C27F7E-18CD-44C1-9CF0-8DBCD576880C}.Release|Any CPU.Build.0 = Release|Any CPU
		{CBB7CA8F-8D77-4BEA-A55A-E5D71C1D9CD1}.Debug|Any CPU.ActiveCfg = Debug|Any CPU
		{CBB7CA8F-8D77-4BEA-A55A-E5D71C1D9CD1}.Debug|Any CPU.Build.0 = Debug|Any CPU
		{CBB7CA8F-8D77-4BEA-A55A-E5D71C1D9CD1}.Release|Any CPU.ActiveCfg = Release|Any CPU
		{CBB7CA8F-8D77-4BEA-A55A-E5D71C1D9CD1}.Release|Any CPU.Build.0 = Release|Any CPU
	EndGlobalSection
	GlobalSection(SolutionProperties) = preSolution
		HideSolutionNode = FALSE
	EndGlobalSection
	GlobalSection(ExtensibilityGlobals) = postSolution
		SolutionGuid = {95D49FB3-7AD4-475A-8FA6-9D7233B75780}
	EndGlobalSection
EndGlobal
